
Microsoft Visual Studio Solution File, Format Version 12.00
# Visual Studio Version 17
VisualStudioVersion = 17.4.33213.308
MinimumVisualStudioVersion = 10.0.40219.1
Project("{FAE04EC0-301F-11D3-BF4B-00C04F79EFBC}") = "WEAPPDevOps_Sat_GITAzure_25022023", "WEAPPDevOps_Sat_GITAzure_25022023\WEAPPDevOps_Sat_GITAzure_25022023.csproj", "{C2FD2FBB-A6C8-47A0-95CB-E1DEFFB4B8DA}"
EndProject
Global
	GlobalSection(SolutionConfigurationPlatforms) = preSolution
		Debug|Any CPU = Debug|Any CPU
		Release|Any CPU = Release|Any CPU
	EndGlobalSection
	GlobalSection(ProjectConfigurationPlatforms) = postSolution
		{C2FD2FBB-A6C8-47A0-95CB-E1DEFFB4B8DA}.Debug|Any CPU.ActiveCfg = Debug|Any CPU
		{C2FD2FBB-A6C8-47A0-95CB-E1DEFFB4B8DA}.Debug|Any CPU.Build.0 = Debug|Any CPU
		{C2FD2FBB-A6C8-47A0-95CB-E1DEFFB4B8DA}.Release|Any CPU.ActiveCfg = Release|Any CPU
		{C2FD2FBB-A6C8-47A0-95CB-E1DEFFB4B8DA}.Release|Any CPU.Build.0 = Release|Any CPU
	EndGlobalSection
	GlobalSection(SolutionProperties) = preSolution
		HideSolutionNode = FALSE
	EndGlobalSection
	GlobalSection(ExtensibilityGlobals) = postSolution
		SolutionGuid = {A56D7620-332A-4B4D-AD9D-119FE0DC2A73}
	EndGlobalSection
EndGlobal
